
Microsoft Visual Studio Solution File, Format Version 12.00
# Visual Studio Version 17
VisualStudioVersion = 17.8.34112.27
MinimumVisualStudioVersion = 10.0.40219.1
Project("{FAE04EC0-301F-11D3-BF4B-00C04F79EFBC}") = "DapperDay", "DapperDay\DapperDay.csproj", "{96F02200-5988-41C4-B81B-75B1013D495A}"
EndProject
Global
	GlobalSection(SolutionConfigurationPlatforms) = preSolution
		Debug|Any CPU = Debug|Any CPU
		Release|Any CPU = Release|Any CPU
	EndGlobalSection
	GlobalSection(ProjectConfigurationPlatforms) = postSolution
		{96F02200-5988-41C4-B81B-75B1013D495A}.Debug|Any CPU.ActiveCfg = Debug|Any CPU
		{96F02200-5988-41C4-B81B-75B1013D495A}.Debug|Any CPU.Build.0 = Debug|Any CPU
		{96F02200-5988-41C4-B81B-75B1013D495A}.Release|Any CPU.ActiveCfg = Release|Any CPU
		{96F02200-5988-41C4-B81B-75B1013D495A}.Release|Any CPU.Build.0 = Release|Any CPU
	EndGlobalSection
	GlobalSection(SolutionProperties) = preSolution
		HideSolutionNode = FALSE
	EndGlobalSection
	GlobalSection(ExtensibilityGlobals) = postSolution
		SolutionGuid = {4ADDA1C6-DD3C-493E-AE28-FB5A7CEAB1F3}
	EndGlobalSection
EndGlobal
